
Microsoft Visual Studio Solution File, Format Version 12.00
# Visual Studio Version 17
VisualStudioVersion = 17.14.36414.22
MinimumVisualStudioVersion = 10.0.40219.1
Project("{FAE04EC0-301F-11D3-BF4B-00C04F79EFBC}") = "Model", "Model\Model.csproj", "{533AA0DD-5F31-437B-8763-D2A9741A7F12}"
EndProject
Project("{FAE04EC0-301F-11D3-BF4B-00C04F79EFBC}") = "ViewModel", "ViewModel\ViewModel.csproj", "{3AB42149-AEA7-4E83-9F02-7D10B76E3935}"
EndProject
Project("{FAE04EC0-301F-11D3-BF4B-00C04F79EFBC}") = "Test", "Test\Test.csproj", "{9978D9B5-E6D7-4E35-AF1C-D3DD5FC03A7C}"
EndProject
Project("{FAE04EC0-301F-11D3-BF4B-00C04F79EFBC}") = "Fitali_API", "Fitali_API\Fitali_API.csproj", "{1F743089-B451-4DF9-9EC4-B09F14052095}"
EndProject
Project("{FAE04EC0-301F-11D3-BF4B-00C04F79EFBC}") = "Service", "Fitaliproject\Service.csproj", "{37C906D4-3D65-4F53-AB9A-8B2C7E06C79C}"
EndProject
Project("{FAE04EC0-301F-11D3-BF4B-00C04F79EFBC}") = "TestApi1", "TestApi1\TestApi1.csproj", "{47285A5F-0E60-4B2E-9552-F0B30EFD86E1}"
EndProject
Global
	GlobalSection(SolutionConfigurationPlatforms) = preSolution
		Debug|Any CPU = Debug|Any CPU
		Release|Any CPU = Release|Any CPU
	EndGlobalSection
	GlobalSection(ProjectConfigurationPlatforms) = postSolution
		{533AA0DD-5F31-437B-8763-D2A9741A7F12}.Debug|Any CPU.ActiveCfg = Debug|Any CPU
		{533AA0DD-5F31-437B-8763-D2A9741A7F12}.Debug|Any CPU.Build.0 = Debug|Any CPU
		{533AA0DD-5F31-437B-8763-D2A9741A7F12}.Release|Any CPU.ActiveCfg = Release|Any CPU
		{533AA0DD-5F31-437B-8763-D2A9741A7F12}.Release|Any CPU.Build.0 = Release|Any CPU
		{3AB42149-AEA7-4E83-9F02-7D10B76E3935}.Debug|Any CPU.ActiveCfg = Debug|Any CPU
		{3AB42149-AEA7-4E83-9F02-7D10B76E3935}.Debug|Any CPU.Build.0 = Debug|Any CPU
		{3AB42149-AEA7-4E83-9F02-7D10B76E3935}.Release|Any CPU.ActiveCfg = Release|Any CPU
		{3AB42149-AEA7-4E83-9F02-7D10B76E3935}.Release|Any CPU.Build.0 = Release|Any CPU
		{9978D9B5-E6D7-4E35-AF1C-D3DD5FC03A7C}.Debug|Any CPU.ActiveCfg = Debug|Any CPU
		{9978D9B5-E6D7-4E35-AF1C-D3DD5FC03A7C}.Debug|Any CPU.Build.0 = Debug|Any CPU
		{9978D9B5-E6D7-4E35-AF1C-D3DD5FC03A7C}.Release|Any CPU.ActiveCfg = Release|Any CPU
		{9978D9B5-E6D7-4E35-AF1C-D3DD5FC03A7C}.Release|Any CPU.Build.0 = Release|Any CPU
		{1F743089-B451-4DF9-9EC4-B09F14052095}.Debug|Any CPU.ActiveCfg = Debug|Any CPU
		{1F743089-B451-4DF9-9EC4-B09F14052095}.Debug|Any CPU.Build.0 = Debug|Any CPU
		{1F743089-B451-4DF9-9EC4-B09F14052095}.Release|Any CPU.ActiveCfg = Release|Any CPU
		{1F743089-B451-4DF9-9EC4-B09F14052095}.Release|Any CPU.Build.0 = Release|Any CPU
		{37C906D4-3D65-4F53-AB9A-8B2C7E06C79C}.Debug|Any CPU.ActiveCfg = Debug|Any CPU
		{37C906D4-3D65-4F53-AB9A-8B2C7E06C79C}.Debug|Any CPU.Build.0 = Debug|Any CPU
		{37C906D4-3D65-4F53-AB9A-8B2C7E06C79C}.Release|Any CPU.ActiveCfg = Release|Any CPU
		{37C906D4-3D65-4F53-AB9A-8B2C7E06C79C}.Release|Any CPU.Build.0 = Release|Any CPU
		{47285A5F-0E60-4B2E-9552-F0B30EFD86E1}.Debug|Any CPU.ActiveCfg = Debug|Any CPU
		{47285A5F-0E60-4B2E-9552-F0B30EFD86E1}.Debug|Any CPU.Build.0 = Debug|Any CPU
		{47285A5F-0E60-4B2E-9552-F0B30EFD86E1}.Release|Any CPU.ActiveCfg = Release|Any CPU
		{47285A5F-0E60-4B2E-9552-F0B30EFD86E1}.Release|Any CPU.Build.0 = Release|Any CPU
	EndGlobalSection
	GlobalSection(SolutionProperties) = preSolution
		HideSolutionNode = FALSE
	EndGlobalSection
	GlobalSection(ExtensibilityGlobals) = postSolution
		SolutionGuid = {1A8ABC6D-DFCE-470C-9F50-C291FA498E31}
	EndGlobalSection
EndGlobal
